
Microsoft Visual Studio Solution File, Format Version 12.00
# Visual Studio Version 17
VisualStudioVersion = 17.9.34616.47
MinimumVisualStudioVersion = 10.0.40219.1
Project("{9A19103F-16F7-4668-BE54-9A1E7A4F7556}") = "AspBlog.API", "AspBlog.API\AspBlog.API.csproj", "{35138891-1DC3-4DC3-AF50-ACE00FCF8449}"
EndProject
Project("{9A19103F-16F7-4668-BE54-9A1E7A4F7556}") = "AspBlog.Domain", "AspBlog.Domain\AspBlog.Domain.csproj", "{D520323A-B209-434F-BB87-56C7540FD03D}"
EndProject
Project("{9A19103F-16F7-4668-BE54-9A1E7A4F7556}") = "AspBlog.Infrastructure", "AspBlog.Infrastructure\AspBlog.Infrastructure.csproj", "{7AEE07D2-7E95-44EC-A366-FCB0DBEE6473}"
EndProject
Project("{FAE04EC0-301F-11D3-BF4B-00C04F79EFBC}") = "AspBlog.Abstractions", "AspBlog.Abstractions\AspBlog.Abstractions.csproj", "{02AE64D6-5496-4060-A7FF-ED11F8C36391}"
EndProject
Project("{FAE04EC0-301F-11D3-BF4B-00C04F79EFBC}") = "AspBlog.Application", "AspBlog.Application\AspBlog.Application.csproj", "{7373F68D-6221-4059-BFC4-097A80D55752}"
EndProject
Global
	GlobalSection(SolutionConfigurationPlatforms) = preSolution
		Debug|Any CPU = Debug|Any CPU
		Release|Any CPU = Release|Any CPU
	EndGlobalSection
	GlobalSection(ProjectConfigurationPlatforms) = postSolution
		{35138891-1DC3-4DC3-AF50-ACE00FCF8449}.Debug|Any CPU.ActiveCfg = Debug|Any CPU
		{35138891-1DC3-4DC3-AF50-ACE00FCF8449}.Debug|Any CPU.Build.0 = Debug|Any CPU
		{35138891-1DC3-4DC3-AF50-ACE00FCF8449}.Release|Any CPU.ActiveCfg = Release|Any CPU
		{35138891-1DC3-4DC3-AF50-ACE00FCF8449}.Release|Any CPU.Build.0 = Release|Any CPU
		{D520323A-B209-434F-BB87-56C7540FD03D}.Debug|Any CPU.ActiveCfg = Debug|Any CPU
		{D520323A-B209-434F-BB87-56C7540FD03D}.Debug|Any CPU.Build.0 = Debug|Any CPU
		{D520323A-B209-434F-BB87-56C7540FD03D}.Release|Any CPU.ActiveCfg = Release|Any CPU
		{D520323A-B209-434F-BB87-56C7540FD03D}.Release|Any CPU.Build.0 = Release|Any CPU
		{7AEE07D2-7E95-44EC-A366-FCB0DBEE6473}.Debug|Any CPU.ActiveCfg = Debug|Any CPU
		{7AEE07D2-7E95-44EC-A366-FCB0DBEE6473}.Debug|Any CPU.Build.0 = Debug|Any CPU
		{7AEE07D2-7E95-44EC-A366-FCB0DBEE6473}.Release|Any CPU.ActiveCfg = Release|Any CPU
		{7AEE07D2-7E95-44EC-A366-FCB0DBEE6473}.Release|Any CPU.Build.0 = Release|Any CPU
		{02AE64D6-5496-4060-A7FF-ED11F8C36391}.Debug|Any CPU.ActiveCfg = Debug|Any CPU
		{02AE64D6-5496-4060-A7FF-ED11F8C36391}.Debug|Any CPU.Build.0 = Debug|Any CPU
		{02AE64D6-5496-4060-A7FF-ED11F8C36391}.Release|Any CPU.ActiveCfg = Release|Any CPU
		{02AE64D6-5496-4060-A7FF-ED11F8C36391}.Release|Any CPU.Build.0 = Release|Any CPU
		{7373F68D-6221-4059-BFC4-097A80D55752}.Debug|Any CPU.ActiveCfg = Debug|Any CPU
		{7373F68D-6221-4059-BFC4-097A80D55752}.Debug|Any CPU.Build.0 = Debug|Any CPU
		{7373F68D-6221-4059-BFC4-097A80D55752}.Release|Any CPU.ActiveCfg = Release|Any CPU
		{7373F68D-6221-4059-BFC4-097A80D55752}.Release|Any CPU.Build.0 = Release|Any CPU
	EndGlobalSection
	GlobalSection(SolutionProperties) = preSolution
		HideSolutionNode = FALSE
	EndGlobalSection
	GlobalSection(ExtensibilityGlobals) = postSolution
		SolutionGuid = {51D16B91-94C8-48A9-944E-CD5D6D7DBAE7}
	EndGlobalSection
EndGlobal
